
Microsoft Visual Studio Solution File, Format Version 9.00
# Visual Studio 2005
Project("{E6FDF86B-F3D1-11D4-8576-0002A516ECE8}") = "angerona.algorithms", "angerona.algorithms\angerona.algorithms.vjsproj", "{F0ACAC59-572A-4DA0-93C5-44DA92A0442F}"
EndProject
Project("{E6FDF86B-F3D1-11D4-8576-0002A516ECE8}") = "junit3.8.2", "junit3.8.2\junit3.8.2.vjsproj", "{AC4B7564-5816-45B4-96C7-584D01FD0F8F}"
EndProject
Project("{E6FDF86B-F3D1-11D4-8576-0002A516ECE8}") = "angerona.algorithms.test", "angerona.algorithms\test\angerona.algorithms.test.vjsproj", "{051E372C-CD1F-4E54-B09C-A27500B4B595}"
EndProject
Global
	GlobalSection(SolutionConfigurationPlatforms) = preSolution
		Debug|Any CPU = Debug|Any CPU
		Debug|Mixed Platforms = Debug|Mixed Platforms
		Debug|Win32 = Debug|Win32
		Debug|x86 = Debug|x86
		Release|Any CPU = Release|Any CPU
		Release|Mixed Platforms = Release|Mixed Platforms
		Release|Win32 = Release|Win32
		Release|x86 = Release|x86
	EndGlobalSection
	GlobalSection(ProjectConfigurationPlatforms) = postSolution
		{F0ACAC59-572A-4DA0-93C5-44DA92A0442F}.Debug|Any CPU.ActiveCfg = Debug|x86
		{F0ACAC59-572A-4DA0-93C5-44DA92A0442F}.Debug|Mixed Platforms.ActiveCfg = Debug|x86
		{F0ACAC59-572A-4DA0-93C5-44DA92A0442F}.Debug|Mixed Platforms.Build.0 = Debug|x86
		{F0ACAC59-572A-4DA0-93C5-44DA92A0442F}.Debug|Win32.ActiveCfg = Debug|x86
		{F0ACAC59-572A-4DA0-93C5-44DA92A0442F}.Debug|x86.ActiveCfg = Debug|x86
		{F0ACAC59-572A-4DA0-93C5-44DA92A0442F}.Debug|x86.Build.0 = Debug|x86
		{F0ACAC59-572A-4DA0-93C5-44DA92A0442F}.Release|Any CPU.ActiveCfg = Release|x86
		{F0ACAC59-572A-4DA0-93C5-44DA92A0442F}.Release|Mixed Platforms.ActiveCfg = Release|x86
		{F0ACAC59-572A-4DA0-93C5-44DA92A0442F}.Release|Mixed Platforms.Build.0 = Release|x86
		{F0ACAC59-572A-4DA0-93C5-44DA92A0442F}.Release|Win32.ActiveCfg = Release|x86
		{F0ACAC59-572A-4DA0-93C5-44DA92A0442F}.Release|x86.ActiveCfg = Release|x86
		{F0ACAC59-572A-4DA0-93C5-44DA92A0442F}.Release|x86.Build.0 = Release|x86
		{AC4B7564-5816-45B4-96C7-584D01FD0F8F}.Debug|Any CPU.ActiveCfg = Debug|x86
		{AC4B7564-5816-45B4-96C7-584D01FD0F8F}.Debug|Mixed Platforms.ActiveCfg = Debug|x86
		{AC4B7564-5816-45B4-96C7-584D01FD0F8F}.Debug|Mixed Platforms.Build.0 = Debug|x86
		{AC4B7564-5816-45B4-96C7-584D01FD0F8F}.Debug|Win32.ActiveCfg = Debug|x86
		{AC4B7564-5816-45B4-96C7-584D01FD0F8F}.Debug|x86.ActiveCfg = Debug|x86
		{AC4B7564-5816-45B4-96C7-584D01FD0F8F}.Debug|x86.Build.0 = Debug|x86
		{AC4B7564-5816-45B4-96C7-584D01FD0F8F}.Release|Any CPU.ActiveCfg = Release|x86
		{AC4B7564-5816-45B4-96C7-584D01FD0F8F}.Release|Mixed Platforms.ActiveCfg = Release|x86
		{AC4B7564-5816-45B4-96C7-584D01FD0F8F}.Release|Mixed Platforms.Build.0 = Release|x86
		{AC4B7564-5816-45B4-96C7-584D01FD0F8F}.Release|Win32.ActiveCfg = Release|x86
		{AC4B7564-5816-45B4-96C7-584D01FD0F8F}.Release|x86.ActiveCfg = Release|x86
		{AC4B7564-5816-45B4-96C7-584D01FD0F8F}.Release|x86.Build.0 = Release|x86
		{051E372C-CD1F-4E54-B09C-A27500B4B595}.Debug|Any CPU.ActiveCfg = Debug|x86
		{051E372C-CD1F-4E54-B09C-A27500B4B595}.Debug|Mixed Platforms.ActiveCfg = Debug|x86
		{051E372C-CD1F-4E54-B09C-A27500B4B595}.Debug|Mixed Platforms.Build.0 = Debug|x86
		{051E372C-CD1F-4E54-B09C-A27500B4B595}.Debug|Win32.ActiveCfg = Debug|x86
		{051E372C-CD1F-4E54-B09C-A27500B4B595}.Debug|x86.ActiveCfg = Debug|x86
		{051E372C-CD1F-4E54-B09C-A27500B4B595}.Debug|x86.Build.0 = Debug|x86
		{051E372C-CD1F-4E54-B09C-A27500B4B595}.Release|Any CPU.ActiveCfg = Release|x86
		{051E372C-CD1F-4E54-B09C-A27500B4B595}.Release|Mixed Platforms.ActiveCfg = Release|x86
		{051E372C-CD1F-4E54-B09C-A27500B4B595}.Release|Mixed Platforms.Build.0 = Release|x86
		{051E372C-CD1F-4E54-B09C-A27500B4B595}.Release|Win32.ActiveCfg = Release|x86
		{051E372C-CD1F-4E54-B09C-A27500B4B595}.Release|x86.ActiveCfg = Release|x86
		{051E372C-CD1F-4E54-B09C-A27500B4B595}.Release|x86.Build.0 = Release|x86
	EndGlobalSection
	GlobalSection(SolutionProperties) = preSolution
		HideSolutionNode = FALSE
	EndGlobalSection
EndGlobal
