Microsoft Visual Studio Solution File, Format Version 7.00
Project("{8BC9CEB8-8B4A-11D0-8D11-00A0C91BC942}") = "fox", "fox.vcproj", "{528E60A3-4340-11D6-BED0-00201840FFE0}"
EndProject
Project("{8BC9CEB8-8B4A-11D0-8D11-00A0C91BC942}") = "ctclib", "..\ctclib\ctclib.vcproj", "{528E60A4-4340-11D6-BED0-00201840FFE0}"
EndProject
Project("{8BC9CEB8-8B4A-11D0-8D11-00A0C91BC942}") = "strings", "strings\strings.vcproj", "{528E60A5-4340-11D6-BED0-00201840FFE0}"
EndProject
Project("{8BC9CEB8-8B4A-11D0-8D11-00A0C91BC942}") = "ctcjlib", "..\ctclib\src\ctcjlib\ctcjlib.vcproj", "{DFD7D006-7BB5-11D6-BEEC-00201840FFE0}"
EndProject
Project("{54435603-DBB4-11D2-8724-00A0C9A8B90C}") = "CTCFox", "..\CTCFox\CTCFox.vdproj", "{01C198CF-92AA-11D6-BEF0-00201840FFE0}"
EndProject
Project("{8BC9CEB8-8B4A-11D0-8D11-00A0C91BC942}") = "foxlib", "foxlib.vcproj", "{E3CDF992-A330-11D6-BEF7-00201840FFE0}"
EndProject
Project("{8BC9CEB8-8B4A-11D0-8D11-00A0C91BC942}") = "zlib", "..\ctclib\src\zlib\zlib.vcproj", "{62383E3A-F274-11D6-BF18-00201840FFE0}"
EndProject
Project("{8BC9CEB8-8B4A-11D0-8D11-00A0C91BC942}") = "bzip", "..\ctclib\src\bzip\bzip.vcproj", "{62383E45-F274-11D6-BF18-00201840FFE0}"
EndProject
Global
	GlobalSection(SolutionConfiguration) = preSolution
		ConfigName.0 = Debug
		ConfigName.1 = MesaDebug
		ConfigName.2 = MesaRelease
		ConfigName.3 = Release
	EndGlobalSection
	GlobalSection(ProjectDependencies) = postSolution
		{528E60A3-4340-11D6-BED0-00201840FFE0}.0 = {528E60A5-4340-11D6-BED0-00201840FFE0}
		{528E60A3-4340-11D6-BED0-00201840FFE0}.1 = {E3CDF992-A330-11D6-BEF7-00201840FFE0}
		{528E60A3-4340-11D6-BED0-00201840FFE0}.2 = {528E60A4-4340-11D6-BED0-00201840FFE0}
		{DFD7D006-7BB5-11D6-BEEC-00201840FFE0}.0 = {528E60A4-4340-11D6-BED0-00201840FFE0}
		{DFD7D006-7BB5-11D6-BEEC-00201840FFE0}.1 = {62383E45-F274-11D6-BF18-00201840FFE0}
		{DFD7D006-7BB5-11D6-BEEC-00201840FFE0}.2 = {62383E3A-F274-11D6-BF18-00201840FFE0}
		{01C198CF-92AA-11D6-BEF0-00201840FFE0}.0 = {528E60A3-4340-11D6-BED0-00201840FFE0}
		{01C198CF-92AA-11D6-BEF0-00201840FFE0}.1 = {528E60A3-4340-11D6-BED0-00201840FFE0}
		{01C198CF-92AA-11D6-BEF0-00201840FFE0}.2 = {528E60A3-4340-11D6-BED0-00201840FFE0}
		{01C198CF-92AA-11D6-BEF0-00201840FFE0}.3 = {528E60A3-4340-11D6-BED0-00201840FFE0}
		{01C198CF-92AA-11D6-BEF0-00201840FFE0}.4 = {528E60A3-4340-11D6-BED0-00201840FFE0}
		{01C198CF-92AA-11D6-BEF0-00201840FFE0}.5 = {528E60A3-4340-11D6-BED0-00201840FFE0}
	EndGlobalSection
	GlobalSection(ProjectConfiguration) = postSolution
		{528E60A3-4340-11D6-BED0-00201840FFE0}.Debug.ActiveCfg = Debug|Win32
		{528E60A3-4340-11D6-BED0-00201840FFE0}.Debug.Build.0 = Debug|Win32
		{528E60A3-4340-11D6-BED0-00201840FFE0}.MesaDebug.ActiveCfg = Debug|Win32
		{528E60A3-4340-11D6-BED0-00201840FFE0}.MesaDebug.Build.0 = Debug|Win32
		{528E60A3-4340-11D6-BED0-00201840FFE0}.MesaRelease.ActiveCfg = Release|Win32
		{528E60A3-4340-11D6-BED0-00201840FFE0}.MesaRelease.Build.0 = Release|Win32
		{528E60A3-4340-11D6-BED0-00201840FFE0}.Release.ActiveCfg = Release|Win32
		{528E60A3-4340-11D6-BED0-00201840FFE0}.Release.Build.0 = Release|Win32
		{528E60A4-4340-11D6-BED0-00201840FFE0}.Debug.ActiveCfg = Debug|Win32
		{528E60A4-4340-11D6-BED0-00201840FFE0}.Debug.Build.0 = Debug|Win32
		{528E60A4-4340-11D6-BED0-00201840FFE0}.MesaDebug.ActiveCfg = Debug|Win32
		{528E60A4-4340-11D6-BED0-00201840FFE0}.MesaDebug.Build.0 = Debug|Win32
		{528E60A4-4340-11D6-BED0-00201840FFE0}.MesaRelease.ActiveCfg = Release|Win32
		{528E60A4-4340-11D6-BED0-00201840FFE0}.MesaRelease.Build.0 = Release|Win32
		{528E60A4-4340-11D6-BED0-00201840FFE0}.Release.ActiveCfg = Release|Win32
		{528E60A4-4340-11D6-BED0-00201840FFE0}.Release.Build.0 = Release|Win32
		{528E60A5-4340-11D6-BED0-00201840FFE0}.Debug.ActiveCfg = Debug|Win32
		{528E60A5-4340-11D6-BED0-00201840FFE0}.Debug.Build.0 = Debug|Win32
		{528E60A5-4340-11D6-BED0-00201840FFE0}.MesaDebug.ActiveCfg = Debug|Win32
		{528E60A5-4340-11D6-BED0-00201840FFE0}.MesaDebug.Build.0 = Debug|Win32
		{528E60A5-4340-11D6-BED0-00201840FFE0}.MesaRelease.ActiveCfg = Release|Win32
		{528E60A5-4340-11D6-BED0-00201840FFE0}.MesaRelease.Build.0 = Release|Win32
		{528E60A5-4340-11D6-BED0-00201840FFE0}.Release.ActiveCfg = Release|Win32
		{528E60A5-4340-11D6-BED0-00201840FFE0}.Release.Build.0 = Release|Win32
		{DFD7D006-7BB5-11D6-BEEC-00201840FFE0}.Debug.ActiveCfg = Debug|Win32
		{DFD7D006-7BB5-11D6-BEEC-00201840FFE0}.Debug.Build.0 = Debug|Win32
		{DFD7D006-7BB5-11D6-BEEC-00201840FFE0}.MesaDebug.ActiveCfg = Debug|Win32
		{DFD7D006-7BB5-11D6-BEEC-00201840FFE0}.MesaDebug.Build.0 = Debug|Win32
		{DFD7D006-7BB5-11D6-BEEC-00201840FFE0}.MesaRelease.ActiveCfg = Release|Win32
		{DFD7D006-7BB5-11D6-BEEC-00201840FFE0}.MesaRelease.Build.0 = Release|Win32
		{DFD7D006-7BB5-11D6-BEEC-00201840FFE0}.Release.ActiveCfg = Release|Win32
		{DFD7D006-7BB5-11D6-BEEC-00201840FFE0}.Release.Build.0 = Release|Win32
		{01C198CF-92AA-11D6-BEF0-00201840FFE0}.Debug.ActiveCfg = Debug
		{01C198CF-92AA-11D6-BEF0-00201840FFE0}.MesaDebug.ActiveCfg = Debug
		{01C198CF-92AA-11D6-BEF0-00201840FFE0}.MesaDebug.Build.0 = Debug
		{01C198CF-92AA-11D6-BEF0-00201840FFE0}.MesaRelease.ActiveCfg = Release
		{01C198CF-92AA-11D6-BEF0-00201840FFE0}.MesaRelease.Build.0 = Release
		{01C198CF-92AA-11D6-BEF0-00201840FFE0}.Release.ActiveCfg = Release
		{E3CDF992-A330-11D6-BEF7-00201840FFE0}.Debug.ActiveCfg = Debug|Win32
		{E3CDF992-A330-11D6-BEF7-00201840FFE0}.Debug.Build.0 = Debug|Win32
		{E3CDF992-A330-11D6-BEF7-00201840FFE0}.MesaDebug.ActiveCfg = MesaDebug|Win32
		{E3CDF992-A330-11D6-BEF7-00201840FFE0}.MesaDebug.Build.0 = MesaDebug|Win32
		{E3CDF992-A330-11D6-BEF7-00201840FFE0}.MesaRelease.ActiveCfg = MesaRelease|Win32
		{E3CDF992-A330-11D6-BEF7-00201840FFE0}.MesaRelease.Build.0 = MesaRelease|Win32
		{E3CDF992-A330-11D6-BEF7-00201840FFE0}.Release.ActiveCfg = Release|Win32
		{E3CDF992-A330-11D6-BEF7-00201840FFE0}.Release.Build.0 = Release|Win32
		{62383E3A-F274-11D6-BF18-00201840FFE0}.Debug.ActiveCfg = Debug|Win32
		{62383E3A-F274-11D6-BF18-00201840FFE0}.Debug.Build.0 = Debug|Win32
		{62383E3A-F274-11D6-BF18-00201840FFE0}.MesaDebug.ActiveCfg = Debug|Win32
		{62383E3A-F274-11D6-BF18-00201840FFE0}.MesaDebug.Build.0 = Debug|Win32
		{62383E3A-F274-11D6-BF18-00201840FFE0}.MesaRelease.ActiveCfg = Release|Win32
		{62383E3A-F274-11D6-BF18-00201840FFE0}.MesaRelease.Build.0 = Release|Win32
		{62383E3A-F274-11D6-BF18-00201840FFE0}.Release.ActiveCfg = Release|Win32
		{62383E3A-F274-11D6-BF18-00201840FFE0}.Release.Build.0 = Release|Win32
		{62383E45-F274-11D6-BF18-00201840FFE0}.Debug.ActiveCfg = Debug|Win32
		{62383E45-F274-11D6-BF18-00201840FFE0}.Debug.Build.0 = Debug|Win32
		{62383E45-F274-11D6-BF18-00201840FFE0}.MesaDebug.ActiveCfg = Debug|Win32
		{62383E45-F274-11D6-BF18-00201840FFE0}.MesaDebug.Build.0 = Debug|Win32
		{62383E45-F274-11D6-BF18-00201840FFE0}.MesaRelease.ActiveCfg = Release|Win32
		{62383E45-F274-11D6-BF18-00201840FFE0}.MesaRelease.Build.0 = Release|Win32
		{62383E45-F274-11D6-BF18-00201840FFE0}.Release.ActiveCfg = Release|Win32
		{62383E45-F274-11D6-BF18-00201840FFE0}.Release.Build.0 = Release|Win32
	EndGlobalSection
	GlobalSection(ExtensibilityGlobals) = postSolution
	EndGlobalSection
	GlobalSection(ExtensibilityAddIns) = postSolution
	EndGlobalSection
EndGlobal
