Microsoft Visual Studio Solution File, Format Version 7.00
Project("{FAE04EC0-301F-11D3-BF4B-00C04F79EFBC}") = "janus.net", "janus.net.csproj", "{5C3629EE-C36D-4FE4-BE83-E85BFA97FC39}"
EndProject
Global
	GlobalSection(SolutionConfiguration) = preSolution
		ConfigName.0 = Debug
		ConfigName.1 = Release
	EndGlobalSection
	GlobalSection(ProjectDependencies) = postSolution
	EndGlobalSection
	GlobalSection(ProjectConfiguration) = postSolution
		{5C3629EE-C36D-4FE4-BE83-E85BFA97FC39}.Debug.ActiveCfg = Debug|.NET
		{5C3629EE-C36D-4FE4-BE83-E85BFA97FC39}.Debug.Build.0 = Debug|.NET
		{5C3629EE-C36D-4FE4-BE83-E85BFA97FC39}.Release.ActiveCfg = Release|.NET
		{5C3629EE-C36D-4FE4-BE83-E85BFA97FC39}.Release.Build.0 = Release|.NET
	EndGlobalSection
	GlobalSection(ExtensibilityGlobals) = postSolution
	EndGlobalSection
	GlobalSection(ExtensibilityAddIns) = postSolution
	EndGlobalSection
EndGlobal
